{
    "name": "node-red-contrib-habitat",
    "version": "0.0.11",
    "lockfileVersion": 1,
    "requires": true,
    "dependencies": {
        "@types/node": {
            "version": "6.14.4",
            "resolved": "https://registry.npmjs.org/@types/node/-/node-6.14.4.tgz",
            "integrity": "sha512-UqB7h2dVJr/KdZXRMJIhNUWT0HXVe9UNvfLCOsqiSGKAVaAp0QniYHlU9yegxyG6Ug2rc7VdAD4hYj3VghqvAw=="
        },
        "artnet": {
            "version": "1.4.0",
            "resolved": "https://registry.npmjs.org/artnet/-/artnet-1.4.0.tgz",
            "integrity": "sha1-jwDYllrNwzBIbOOfzBI8eeL/fEU="
        },
        "async-limiter": {
            "version": "1.0.0",
            "resolved": "https://registry.npmjs.org/async-limiter/-/async-limiter-1.0.0.tgz",
            "integrity": "sha512-jp/uFnooOiO+L211eZOoSyzpOITMXx1rBITauYykG3BRYPu8h0UcxsPNB04RR5vo4Tyz3+ay17tR6JVf9qzYWg=="
        },
        "balanced-match": {
            "version": "1.0.0",
            "resolved": "https://registry.npmjs.org/balanced-match/-/balanced-match-1.0.0.tgz",
            "integrity": "sha1-ibTRmasr7kneFk6gK4nORi1xt2c="
        },
        "binary-parser": {
            "version": "1.1.5",
            "resolved": "https://registry.npmjs.org/binary-parser/-/binary-parser-1.1.5.tgz",
            "integrity": "sha1-ciTWGk4vp7Wu3mn+Tw6moJAreeg="
        },
        "binary-protocol": {
            "version": "0.0.0",
            "resolved": "https://registry.npmjs.org/binary-protocol/-/binary-protocol-0.0.0.tgz",
            "integrity": "sha1-ZU4tbCB8HS7qpl1dais+ulmu024=",
            "requires": {
                "bluebird": "~2.2.2"
            }
        },
        "bluebird": {
            "version": "2.2.2",
            "resolved": "http://registry.npmjs.org/bluebird/-/bluebird-2.2.2.tgz",
            "integrity": "sha1-8b8Fq8iHz5pwOIYjfChhCkOx8RQ="
        },
        "brace-expansion": {
            "version": "1.1.11",
            "resolved": "https://registry.npmjs.org/brace-expansion/-/brace-expansion-1.1.11.tgz",
            "integrity": "sha512-iCuPHDFgrHX7H2vEI/5xpz07zSHB00TpugqhmYtVmMO6518mCuRMoOYFldEBl0g187ufozdaHgWKcYFb61qGiA==",
            "requires": {
                "balanced-match": "^1.0.0",
                "concat-map": "0.0.1"
            }
        },
        "cloner": {
            "version": "0.4.0",
            "resolved": "https://registry.npmjs.org/cloner/-/cloner-0.4.0.tgz",
            "integrity": "sha1-NkqGunmV1GZO/JzK0n6kCz+mUtI="
        },
        "concat-map": {
            "version": "0.0.1",
            "resolved": "https://registry.npmjs.org/concat-map/-/concat-map-0.0.1.tgz",
            "integrity": "sha1-2Klr13/Wjfd5OnMDajug1UBdR3s="
        },
        "fs": {
            "version": "0.0.1-security",
            "resolved": "https://registry.npmjs.org/fs/-/fs-0.0.1-security.tgz",
            "integrity": "sha1-invTcYa23d84E/I4WLV+yq9eQdQ="
        },
        "fs.realpath": {
            "version": "1.0.0",
            "resolved": "https://registry.npmjs.org/fs.realpath/-/fs.realpath-1.0.0.tgz",
            "integrity": "sha1-FQStJSMVjKpA20onh8sBQRmU6k8="
        },
        "glob": {
            "version": "7.1.3",
            "resolved": "https://registry.npmjs.org/glob/-/glob-7.1.3.tgz",
            "integrity": "sha512-vcfuiIxogLV4DlGBHIUOwI0IbrJ8HWPc4MU7HzviGeNho/UJDfi6B5p3sHeWIQ0KGIU0Jpxi5ZHxemQfLkkAwQ==",
            "requires": {
                "fs.realpath": "^1.0.0",
                "inflight": "^1.0.4",
                "inherits": "2",
                "minimatch": "^3.0.4",
                "once": "^1.3.0",
                "path-is-absolute": "^1.0.0"
            }
        },
        "inflight": {
            "version": "1.0.6",
            "resolved": "https://registry.npmjs.org/inflight/-/inflight-1.0.6.tgz",
            "integrity": "sha1-Sb1jMdfQLQwJvJEKEHW6gWW1bfk=",
            "requires": {
                "once": "^1.3.0",
                "wrappy": "1"
            }
        },
        "inherits": {
            "version": "2.0.3",
            "resolved": "https://registry.npmjs.org/inherits/-/inherits-2.0.3.tgz",
            "integrity": "sha1-Yzwsg+PaQqUC9SRmAiSA9CCCYd4="
        },
        "ipaddr.js": {
            "version": "1.2.0",
            "resolved": "https://registry.npmjs.org/ipaddr.js/-/ipaddr.js-1.2.0.tgz",
            "integrity": "sha1-irpJyRknmVhb3WQ+DMtQ6K53e6Q="
        },
        "knx": {
            "version": "2.3.2",
            "resolved": "https://registry.npmjs.org/knx/-/knx-2.3.2.tgz",
            "integrity": "sha512-3pvAglipGkRy1Go/feq14IcV3UNnhlRKVj4zXB9mv5aa519q2QjDd8N2AzaYG6Rc+1Vg5f7hSmvO11XK+h8ZRA==",
            "requires": {
                "@types/node": "^6.0.48",
                "binary-parser": "1.1.5",
                "binary-protocol": "0.0.0",
                "ipaddr.js": "1.2.0",
                "log-driver": "1.2.7",
                "machina": "^2.0.0-1"
            },
            "dependencies": {
                "lodash": {
                    "version": "3.10.1",
                    "resolved": "https://registry.npmjs.org/lodash/-/lodash-3.10.1.tgz",
                    "integrity": "sha1-W/Rejkm6QYnhfUgnid/RW9FAt7Y="
                },
                "machina": {
                    "version": "2.0.2",
                    "resolved": "https://registry.npmjs.org/machina/-/machina-2.0.2.tgz",
                    "integrity": "sha512-9U9g4eQjQ2JARX7h/051r65EQEfFfpPxoSjVmUMJG6gnfjVjM+rjwVLoq7Z9NovjYm7AR3oTWWPtHVlgeSZzYw==",
                    "requires": {
                        "lodash": "3.x"
                    }
                }
            }
        },
        "loadsh": {
            "version": "0.0.4",
            "resolved": "https://registry.npmjs.org/loadsh/-/loadsh-0.0.4.tgz",
            "integrity": "sha512-U+wLL8InpfRalWrr+0SuhWgGt10M4OyAk6G8xCYo2rwpiHtxZkWiFpjei0vO463ghW8LPCdhqQxXlMy2qicAEw=="
        },
        "lodash": {
            "version": "4.17.11",
            "resolved": "https://registry.npmjs.org/lodash/-/lodash-4.17.11.tgz",
            "integrity": "sha512-cQKh8igo5QUhZ7lg38DYWAxMvjSAKG0A8wGSVimP07SIUEK2UO+arSRKbRZWtelMtN5V0Hkwh5ryOto/SshYIg=="
        },
        "log-driver": {
            "version": "1.2.7",
            "resolved": "https://registry.npmjs.org/log-driver/-/log-driver-1.2.7.tgz",
            "integrity": "sha512-U7KCmLdqsGHBLeWqYlFA0V0Sl6P08EE1ZrmA9cxjUE0WVqT9qnyVDPz1kzpFEP0jdJuFnasWIfSd7fsaNXkpbg=="
        },
        "machina": {
            "version": "4.0.2",
            "resolved": "https://registry.npmjs.org/machina/-/machina-4.0.2.tgz",
            "integrity": "sha512-OOlFrW1rd783S6tF36v5Ie/TM64gfvSl9kYLWL2cPA31J71HHWW3XrgSe1BZSFAPkh8532CMJMLv/s9L2aopiA==",
            "requires": {
                "lodash": "^4.17.5"
            }
        },
        "minimatch": {
            "version": "3.0.4",
            "resolved": "https://registry.npmjs.org/minimatch/-/minimatch-3.0.4.tgz",
            "integrity": "sha512-yJHVQEhyqPLUTgt9B83PXu6W3rx4MvvHvSUvToogpwoGDOUQ+yDrR0HRot+yOCdCO7u4hX3pWft6kWBBcqh0UA==",
            "requires": {
                "brace-expansion": "^1.1.7"
            }
        },
        "once": {
            "version": "1.4.0",
            "resolved": "https://registry.npmjs.org/once/-/once-1.4.0.tgz",
            "integrity": "sha1-WDsap3WWHUsROsF9nFC6753Xa9E=",
            "requires": {
                "wrappy": "1"
            }
        },
        "path": {
            "version": "0.12.7",
            "resolved": "https://registry.npmjs.org/path/-/path-0.12.7.tgz",
            "integrity": "sha1-1NwqUGxM4hl+tIHr/NWzbAFAsQ8=",
            "requires": {
                "process": "^0.11.1",
                "util": "^0.10.3"
            }
        },
        "path-is-absolute": {
            "version": "1.0.1",
            "resolved": "https://registry.npmjs.org/path-is-absolute/-/path-is-absolute-1.0.1.tgz",
            "integrity": "sha1-F0uSaHNVNP+8es5r9TpanhtcX18="
        },
        "process": {
            "version": "0.11.10",
            "resolved": "https://registry.npmjs.org/process/-/process-0.11.10.tgz",
            "integrity": "sha1-czIwDoQBYb2j5podHZGn1LwW8YI="
        },
        "tiny-queue": {
            "version": "0.2.1",
            "resolved": "https://registry.npmjs.org/tiny-queue/-/tiny-queue-0.2.1.tgz",
            "integrity": "sha1-JaZ/LG4lOyypQZd7XvdELvl6YEY="
        },
        "util": {
            "version": "0.10.4",
            "resolved": "https://registry.npmjs.org/util/-/util-0.10.4.tgz",
            "integrity": "sha512-0Pm9hTQ3se5ll1XihRic3FDIku70C+iHUdT/W926rSgHV5QgXsYbKZN8MSC3tJtSkhuROzvsQjAaFENRXr+19A==",
            "requires": {
                "inherits": "2.0.3"
            }
        },
        "wrappy": {
            "version": "1.0.2",
            "resolved": "https://registry.npmjs.org/wrappy/-/wrappy-1.0.2.tgz",
            "integrity": "sha1-tSQ9jz7BqjXxNkYFvA0QNuMKtp8="
        },
        "ws": {
            "version": "6.2.0",
            "resolved": "https://registry.npmjs.org/ws/-/ws-6.2.0.tgz",
            "integrity": "sha512-deZYUNlt2O4buFCa3t5bKLf8A7FPP/TVjwOeVNpw818Ma5nk4MLXls2eoEGS39o8119QIYxTrTDoPQ5B/gTD6w==",
            "requires": {
                "async-limiter": "~1.0.0"
            }
        }
    }
}
